
Microsoft Visual Studio Solution File, Format Version 12.00
# Visual Studio Express 2012 for Windows Desktop
Project("{FAE04EC0-301F-11D3-BF4B-00C04F79EFBC}") = "YUM_T", "ClassLibrary2\YUM_T.csproj", "{803F1CD5-A150-4A19-8A20-A9F0644C26DA}"
EndProject
Global
	GlobalSection(SolutionConfigurationPlatforms) = preSolution
		Debug|Any CPU = Debug|Any CPU
		Release|Any CPU = Release|Any CPU
	EndGlobalSection
	GlobalSection(ProjectConfigurationPlatforms) = postSolution
		{803F1CD5-A150-4A19-8A20-A9F0644C26DA}.Debug|Any CPU.ActiveCfg = Debug|Any CPU
		{803F1CD5-A150-4A19-8A20-A9F0644C26DA}.Debug|Any CPU.Build.0 = Debug|Any CPU
		{803F1CD5-A150-4A19-8A20-A9F0644C26DA}.Release|Any CPU.ActiveCfg = Release|Any CPU
		{803F1CD5-A150-4A19-8A20-A9F0644C26DA}.Release|Any CPU.Build.0 = Release|Any CPU
	EndGlobalSection
	GlobalSection(SolutionProperties) = preSolution
		HideSolutionNode = FALSE
	EndGlobalSection
EndGlobal
